
Microsoft Visual Studio Solution File, Format Version 12.00
# Visual Studio 14
VisualStudioVersion = 14.0.25123.0
MinimumVisualStudioVersion = 10.0.40219.1
Project("{FAE04EC0-301F-11D3-BF4B-00C04F79EFBC}") = "Wac2015", "Wac2015\Wac2015\Wac2015.csproj", "{7FDEC23E-5334-4ECA-B540-6F9830E7D6EE}"
EndProject
Project("{FAE04EC0-301F-11D3-BF4B-00C04F79EFBC}") = "Wac2015.iOS", "Wac2015\Wac2015.iOS\Wac2015.iOS.csproj", "{13BA0C54-AF4D-423D-BC01-2019751EDADE}"
EndProject
Project("{FAE04EC0-301F-11D3-BF4B-00C04F79EFBC}") = "Wac2015.Droid", "Wac2015\Wac2015.Droid\Wac2015.Droid.csproj", "{6D456D7C-BC86-4744-83C5-9D0610D3B063}"
EndProject
Project("{2150E333-8FDC-42A3-9474-1A3956D46DE8}") = ".nuget", ".nuget", "{A03B6A53-9505-4F4C-9224-B80AF708A366}"
	ProjectSection(SolutionItems) = preProject
		.nuget\NuGet.Config = .nuget\NuGet.Config
		.nuget\NuGet.exe = .nuget\NuGet.exe
		.nuget\NuGet.targets = .nuget\NuGet.targets
	EndProjectSection
EndProject
Project("{FAE04EC0-301F-11D3-BF4B-00C04F79EFBC}") = "Wac2015.WinPhone", "..\Wac2015.WinPhone\Wac2015.WinPhone.csproj", "{262C3038-000E-4936-87C4-CDA12FEF1AEF}"
EndProject
Global
	GlobalSection(SolutionConfigurationPlatforms) = preSolution
		Ad-Hoc|Any CPU = Ad-Hoc|Any CPU
		Ad-Hoc|ARM = Ad-Hoc|ARM
		Ad-Hoc|iPhone = Ad-Hoc|iPhone
		Ad-Hoc|iPhoneSimulator = Ad-Hoc|iPhoneSimulator
		Ad-Hoc|Mixed Platforms = Ad-Hoc|Mixed Platforms
		Ad-Hoc|x86 = Ad-Hoc|x86
		AppStore|Any CPU = AppStore|Any CPU
		AppStore|ARM = AppStore|ARM
		AppStore|iPhone = AppStore|iPhone
		AppStore|iPhoneSimulator = AppStore|iPhoneSimulator
		AppStore|Mixed Platforms = AppStore|Mixed Platforms
		AppStore|x86 = AppStore|x86
		Debug|Any CPU = Debug|Any CPU
		Debug|ARM = Debug|ARM
		Debug|iPhone = Debug|iPhone
		Debug|iPhoneSimulator = Debug|iPhoneSimulator
		Debug|Mixed Platforms = Debug|Mixed Platforms
		Debug|x86 = Debug|x86
		Release|Any CPU = Release|Any CPU
		Release|ARM = Release|ARM
		Release|iPhone = Release|iPhone
		Release|iPhoneSimulator = Release|iPhoneSimulator
		Release|Mixed Platforms = Release|Mixed Platforms
		Release|x86 = Release|x86
	EndGlobalSection
	GlobalSection(ProjectConfigurationPlatforms) = postSolution
		{7FDEC23E-5334-4ECA-B540-6F9830E7D6EE}.Ad-Hoc|Any CPU.ActiveCfg = Release|Any CPU
		{7FDEC23E-5334-4ECA-B540-6F9830E7D6EE}.Ad-Hoc|Any CPU.Build.0 = Release|Any CPU
		{7FDEC23E-5334-4ECA-B540-6F9830E7D6EE}.Ad-Hoc|ARM.ActiveCfg = Release|Any CPU
		{7FDEC23E-5334-4ECA-B540-6F9830E7D6EE}.Ad-Hoc|iPhone.ActiveCfg = Release|Any CPU
		{7FDEC23E-5334-4ECA-B540-6F9830E7D6EE}.Ad-Hoc|iPhoneSimulator.ActiveCfg = Release|Any CPU
		{7FDEC23E-5334-4ECA-B540-6F9830E7D6EE}.Ad-Hoc|Mixed Platforms.ActiveCfg = Release|Any CPU
		{7FDEC23E-5334-4ECA-B540-6F9830E7D6EE}.Ad-Hoc|Mixed Platforms.Build.0 = Release|Any CPU
		{7FDEC23E-5334-4ECA-B540-6F9830E7D6EE}.Ad-Hoc|x86.ActiveCfg = Release|Any CPU
		{7FDEC23E-5334-4ECA-B540-6F9830E7D6EE}.AppStore|Any CPU.ActiveCfg = Release|Any CPU
		{7FDEC23E-5334-4ECA-B540-6F9830E7D6EE}.AppStore|Any CPU.Build.0 = Release|Any CPU
		{7FDEC23E-5334-4ECA-B540-6F9830E7D6EE}.AppStore|ARM.ActiveCfg = Release|Any CPU
		{7FDEC23E-5334-4ECA-B540-6F9830E7D6EE}.AppStore|iPhone.ActiveCfg = Release|Any CPU
		{7FDEC23E-5334-4ECA-B540-6F9830E7D6EE}.AppStore|iPhoneSimulator.ActiveCfg = Release|Any CPU
		{7FDEC23E-5334-4ECA-B540-6F9830E7D6EE}.AppStore|Mixed Platforms.ActiveCfg = Release|Any CPU
		{7FDEC23E-5334-4ECA-B540-6F9830E7D6EE}.AppStore|Mixed Platforms.Build.0 = Release|Any CPU
		{7FDEC23E-5334-4ECA-B540-6F9830E7D6EE}.AppStore|x86.ActiveCfg = Release|Any CPU
		{7FDEC23E-5334-4ECA-B540-6F9830E7D6EE}.Debug|Any CPU.ActiveCfg = Debug|Any CPU
		{7FDEC23E-5334-4ECA-B540-6F9830E7D6EE}.Debug|Any CPU.Build.0 = Debug|Any CPU
		{7FDEC23E-5334-4ECA-B540-6F9830E7D6EE}.Debug|ARM.ActiveCfg = Debug|Any CPU
		{7FDEC23E-5334-4ECA-B540-6F9830E7D6EE}.Debug|iPhone.ActiveCfg = Debug|Any CPU
		{7FDEC23E-5334-4ECA-B540-6F9830E7D6EE}.Debug|iPhoneSimulator.ActiveCfg = Debug|Any CPU
		{7FDEC23E-5334-4ECA-B540-6F9830E7D6EE}.Debug|Mixed Platforms.ActiveCfg = Debug|Any CPU
		{7FDEC23E-5334-4ECA-B540-6F9830E7D6EE}.Debug|Mixed Platforms.Build.0 = Debug|Any CPU
		{7FDEC23E-5334-4ECA-B540-6F9830E7D6EE}.Debug|x86.ActiveCfg = Debug|Any CPU
		{7FDEC23E-5334-4ECA-B540-6F9830E7D6EE}.Release|Any CPU.ActiveCfg = Release|Any CPU
		{7FDEC23E-5334-4ECA-B540-6F9830E7D6EE}.Release|Any CPU.Build.0 = Release|Any CPU
		{7FDEC23E-5334-4ECA-B540-6F9830E7D6EE}.Release|ARM.ActiveCfg = Release|Any CPU
		{7FDEC23E-5334-4ECA-B540-6F9830E7D6EE}.Release|iPhone.ActiveCfg = Release|Any CPU
		{7FDEC23E-5334-4ECA-B540-6F9830E7D6EE}.Release|iPhoneSimulator.ActiveCfg = Release|Any CPU
		{7FDEC23E-5334-4ECA-B540-6F9830E7D6EE}.Release|Mixed Platforms.ActiveCfg = Release|Any CPU
		{7FDEC23E-5334-4ECA-B540-6F9830E7D6EE}.Release|Mixed Platforms.Build.0 = Release|Any CPU
		{7FDEC23E-5334-4ECA-B540-6F9830E7D6EE}.Release|x86.ActiveCfg = Release|Any CPU
		{13BA0C54-AF4D-423D-BC01-2019751EDADE}.Ad-Hoc|Any CPU.ActiveCfg = Ad-Hoc|iPhone
		{13BA0C54-AF4D-423D-BC01-2019751EDADE}.Ad-Hoc|ARM.ActiveCfg = Ad-Hoc|iPhone
		{13BA0C54-AF4D-423D-BC01-2019751EDADE}.Ad-Hoc|iPhone.ActiveCfg = Ad-Hoc|iPhone
		{13BA0C54-AF4D-423D-BC01-2019751EDADE}.Ad-Hoc|iPhone.Build.0 = Ad-Hoc|iPhone
		{13BA0C54-AF4D-423D-BC01-2019751EDADE}.Ad-Hoc|iPhoneSimulator.ActiveCfg = Ad-Hoc|iPhoneSimulator
		{13BA0C54-AF4D-423D-BC01-2019751EDADE}.Ad-Hoc|iPhoneSimulator.Build.0 = Ad-Hoc|iPhoneSimulator
		{13BA0C54-AF4D-423D-BC01-2019751EDADE}.Ad-Hoc|Mixed Platforms.ActiveCfg = Ad-Hoc|iPhone
		{13BA0C54-AF4D-423D-BC01-2019751EDADE}.Ad-Hoc|Mixed Platforms.Build.0 = Ad-Hoc|iPhone
		{13BA0C54-AF4D-423D-BC01-2019751EDADE}.Ad-Hoc|x86.ActiveCfg = Ad-Hoc|iPhone
		{13BA0C54-AF4D-423D-BC01-2019751EDADE}.AppStore|Any CPU.ActiveCfg = AppStore|iPhone
		{13BA0C54-AF4D-423D-BC01-2019751EDADE}.AppStore|ARM.ActiveCfg = AppStore|iPhone
		{13BA0C54-AF4D-423D-BC01-2019751EDADE}.AppStore|iPhone.ActiveCfg = AppStore|iPhone
		{13BA0C54-AF4D-423D-BC01-2019751EDADE}.AppStore|iPhone.Build.0 = AppStore|iPhone
		{13BA0C54-AF4D-423D-BC01-2019751EDADE}.AppStore|iPhoneSimulator.ActiveCfg = AppStore|iPhoneSimulator
		{13BA0C54-AF4D-423D-BC01-2019751EDADE}.AppStore|iPhoneSimulator.Build.0 = AppStore|iPhoneSimulator
		{13BA0C54-AF4D-423D-BC01-2019751EDADE}.AppStore|Mixed Platforms.ActiveCfg = AppStore|iPhone
		{13BA0C54-AF4D-423D-BC01-2019751EDADE}.AppStore|Mixed Platforms.Build.0 = AppStore|iPhone
		{13BA0C54-AF4D-423D-BC01-2019751EDADE}.AppStore|x86.ActiveCfg = AppStore|iPhone
		{13BA0C54-AF4D-423D-BC01-2019751EDADE}.Debug|Any CPU.ActiveCfg = Debug|iPhone
		{13BA0C54-AF4D-423D-BC01-2019751EDADE}.Debug|Any CPU.Build.0 = Debug|iPhone
		{13BA0C54-AF4D-423D-BC01-2019751EDADE}.Debug|ARM.ActiveCfg = Debug|iPhone
		{13BA0C54-AF4D-423D-BC01-2019751EDADE}.Debug|iPhone.ActiveCfg = Debug|iPhone
		{13BA0C54-AF4D-423D-BC01-2019751EDADE}.Debug|iPhone.Build.0 = Debug|iPhone
		{13BA0C54-AF4D-423D-BC01-2019751EDADE}.Debug|iPhoneSimulator.ActiveCfg = Debug|iPhoneSimulator
		{13BA0C54-AF4D-423D-BC01-2019751EDADE}.Debug|iPhoneSimulator.Build.0 = Debug|iPhoneSimulator
		{13BA0C54-AF4D-423D-BC01-2019751EDADE}.Debug|Mixed Platforms.ActiveCfg = Debug|iPhone
		{13BA0C54-AF4D-423D-BC01-2019751EDADE}.Debug|Mixed Platforms.Build.0 = Debug|iPhone
		{13BA0C54-AF4D-423D-BC01-2019751EDADE}.Debug|x86.ActiveCfg = Debug|iPhone
		{13BA0C54-AF4D-423D-BC01-2019751EDADE}.Release|Any CPU.ActiveCfg = Release|iPhone
		{13BA0C54-AF4D-423D-BC01-2019751EDADE}.Release|ARM.ActiveCfg = Release|iPhone
		{13BA0C54-AF4D-423D-BC01-2019751EDADE}.Release|iPhone.ActiveCfg = Release|iPhone
		{13BA0C54-AF4D-423D-BC01-2019751EDADE}.Release|iPhone.Build.0 = Release|iPhone
		{13BA0C54-AF4D-423D-BC01-2019751EDADE}.Release|iPhoneSimulator.ActiveCfg = Release|iPhoneSimulator
		{13BA0C54-AF4D-423D-BC01-2019751EDADE}.Release|iPhoneSimulator.Build.0 = Release|iPhoneSimulator
		{13BA0C54-AF4D-423D-BC01-2019751EDADE}.Release|Mixed Platforms.ActiveCfg = Release|iPhone
		{13BA0C54-AF4D-423D-BC01-2019751EDADE}.Release|Mixed Platforms.Build.0 = Release|iPhone
		{13BA0C54-AF4D-423D-BC01-2019751EDADE}.Release|x86.ActiveCfg = Release|iPhone
		{6D456D7C-BC86-4744-83C5-9D0610D3B063}.Ad-Hoc|Any CPU.ActiveCfg = Release|Any CPU
		{6D456D7C-BC86-4744-83C5-9D0610D3B063}.Ad-Hoc|Any CPU.Build.0 = Release|Any CPU
		{6D456D7C-BC86-4744-83C5-9D0610D3B063}.Ad-Hoc|Any CPU.Deploy.0 = Release|Any CPU
		{6D456D7C-BC86-4744-83C5-9D0610D3B063}.Ad-Hoc|ARM.ActiveCfg = Release|Any CPU
		{6D456D7C-BC86-4744-83C5-9D0610D3B063}.Ad-Hoc|iPhone.ActiveCfg = Release|Any CPU
		{6D456D7C-BC86-4744-83C5-9D0610D3B063}.Ad-Hoc|iPhoneSimulator.ActiveCfg = Release|Any CPU
		{6D456D7C-BC86-4744-83C5-9D0610D3B063}.Ad-Hoc|Mixed Platforms.ActiveCfg = Release|Any CPU
		{6D456D7C-BC86-4744-83C5-9D0610D3B063}.Ad-Hoc|Mixed Platforms.Build.0 = Release|Any CPU
		{6D456D7C-BC86-4744-83C5-9D0610D3B063}.Ad-Hoc|Mixed Platforms.Deploy.0 = Release|Any CPU
		{6D456D7C-BC86-4744-83C5-9D0610D3B063}.Ad-Hoc|x86.ActiveCfg = Release|Any CPU
		{6D456D7C-BC86-4744-83C5-9D0610D3B063}.AppStore|Any CPU.ActiveCfg = Release|Any CPU
		{6D456D7C-BC86-4744-83C5-9D0610D3B063}.AppStore|Any CPU.Build.0 = Release|Any CPU
		{6D456D7C-BC86-4744-83C5-9D0610D3B063}.AppStore|Any CPU.Deploy.0 = Release|Any CPU
		{6D456D7C-BC86-4744-83C5-9D0610D3B063}.AppStore|ARM.ActiveCfg = Release|Any CPU
		{6D456D7C-BC86-4744-83C5-9D0610D3B063}.AppStore|iPhone.ActiveCfg = Release|Any CPU
		{6D456D7C-BC86-4744-83C5-9D0610D3B063}.AppStore|iPhoneSimulator.ActiveCfg = Release|Any CPU
		{6D456D7C-BC86-4744-83C5-9D0610D3B063}.AppStore|Mixed Platforms.ActiveCfg = Release|Any CPU
		{6D456D7C-BC86-4744-83C5-9D0610D3B063}.AppStore|Mixed Platforms.Build.0 = Release|Any CPU
		{6D456D7C-BC86-4744-83C5-9D0610D3B063}.AppStore|Mixed Platforms.Deploy.0 = Release|Any CPU
		{6D456D7C-BC86-4744-83C5-9D0610D3B063}.AppStore|x86.ActiveCfg = Release|Any CPU
		{6D456D7C-BC86-4744-83C5-9D0610D3B063}.Debug|Any CPU.ActiveCfg = Debug|Any CPU
		{6D456D7C-BC86-4744-83C5-9D0610D3B063}.Debug|Any CPU.Build.0 = Debug|Any CPU
		{6D456D7C-BC86-4744-83C5-9D0610D3B063}.Debug|Any CPU.Deploy.0 = Debug|Any CPU
		{6D456D7C-BC86-4744-83C5-9D0610D3B063}.Debug|ARM.ActiveCfg = Debug|Any CPU
		{6D456D7C-BC86-4744-83C5-9D0610D3B063}.Debug|iPhone.ActiveCfg = Debug|Any CPU
		{6D456D7C-BC86-4744-83C5-9D0610D3B063}.Debug|iPhoneSimulator.ActiveCfg = Debug|Any CPU
		{6D456D7C-BC86-4744-83C5-9D0610D3B063}.Debug|Mixed Platforms.ActiveCfg = Debug|Any CPU
		{6D456D7C-BC86-4744-83C5-9D0610D3B063}.Debug|Mixed Platforms.Build.0 = Debug|Any CPU
		{6D456D7C-BC86-4744-83C5-9D0610D3B063}.Debug|Mixed Platforms.Deploy.0 = Debug|Any CPU
		{6D456D7C-BC86-4744-83C5-9D0610D3B063}.Debug|x86.ActiveCfg = Debug|Any CPU
		{6D456D7C-BC86-4744-83C5-9D0610D3B063}.Release|Any CPU.ActiveCfg = Release|Any CPU
		{6D456D7C-BC86-4744-83C5-9D0610D3B063}.Release|Any CPU.Build.0 = Release|Any CPU
		{6D456D7C-BC86-4744-83C5-9D0610D3B063}.Release|Any CPU.Deploy.0 = Release|Any CPU
		{6D456D7C-BC86-4744-83C5-9D0610D3B063}.Release|ARM.ActiveCfg = Release|Any CPU
		{6D456D7C-BC86-4744-83C5-9D0610D3B063}.Release|iPhone.ActiveCfg = Release|Any CPU
		{6D456D7C-BC86-4744-83C5-9D0610D3B063}.Release|iPhoneSimulator.ActiveCfg = Release|Any CPU
		{6D456D7C-BC86-4744-83C5-9D0610D3B063}.Release|Mixed Platforms.ActiveCfg = Release|Any CPU
		{6D456D7C-BC86-4744-83C5-9D0610D3B063}.Release|Mixed Platforms.Build.0 = Release|Any CPU
		{6D456D7C-BC86-4744-83C5-9D0610D3B063}.Release|Mixed Platforms.Deploy.0 = Release|Any CPU
		{6D456D7C-BC86-4744-83C5-9D0610D3B063}.Release|x86.ActiveCfg = Release|Any CPU
		{262C3038-000E-4936-87C4-CDA12FEF1AEF}.Ad-Hoc|Any CPU.ActiveCfg = Release|Any CPU
		{262C3038-000E-4936-87C4-CDA12FEF1AEF}.Ad-Hoc|Any CPU.Build.0 = Release|Any CPU
		{262C3038-000E-4936-87C4-CDA12FEF1AEF}.Ad-Hoc|Any CPU.Deploy.0 = Release|Any CPU
		{262C3038-000E-4936-87C4-CDA12FEF1AEF}.Ad-Hoc|ARM.ActiveCfg = Release|ARM
		{262C3038-000E-4936-87C4-CDA12FEF1AEF}.Ad-Hoc|ARM.Build.0 = Release|ARM
		{262C3038-000E-4936-87C4-CDA12FEF1AEF}.Ad-Hoc|ARM.Deploy.0 = Release|ARM
		{262C3038-000E-4936-87C4-CDA12FEF1AEF}.Ad-Hoc|iPhone.ActiveCfg = Release|Any CPU
		{262C3038-000E-4936-87C4-CDA12FEF1AEF}.Ad-Hoc|iPhone.Build.0 = Release|Any CPU
		{262C3038-000E-4936-87C4-CDA12FEF1AEF}.Ad-Hoc|iPhone.Deploy.0 = Release|Any CPU
		{262C3038-000E-4936-87C4-CDA12FEF1AEF}.Ad-Hoc|iPhoneSimulator.ActiveCfg = Release|Any CPU
		{262C3038-000E-4936-87C4-CDA12FEF1AEF}.Ad-Hoc|iPhoneSimulator.Build.0 = Release|Any CPU
		{262C3038-000E-4936-87C4-CDA12FEF1AEF}.Ad-Hoc|iPhoneSimulator.Deploy.0 = Release|Any CPU
		{262C3038-000E-4936-87C4-CDA12FEF1AEF}.Ad-Hoc|Mixed Platforms.ActiveCfg = Release|x86
		{262C3038-000E-4936-87C4-CDA12FEF1AEF}.Ad-Hoc|Mixed Platforms.Build.0 = Release|x86
		{262C3038-000E-4936-87C4-CDA12FEF1AEF}.Ad-Hoc|Mixed Platforms.Deploy.0 = Release|x86
		{262C3038-000E-4936-87C4-CDA12FEF1AEF}.Ad-Hoc|x86.ActiveCfg = Release|x86
		{262C3038-000E-4936-87C4-CDA12FEF1AEF}.Ad-Hoc|x86.Build.0 = Release|x86
		{262C3038-000E-4936-87C4-CDA12FEF1AEF}.Ad-Hoc|x86.Deploy.0 = Release|x86
		{262C3038-000E-4936-87C4-CDA12FEF1AEF}.AppStore|Any CPU.ActiveCfg = Release|Any CPU
		{262C3038-000E-4936-87C4-CDA12FEF1AEF}.AppStore|Any CPU.Build.0 = Release|Any CPU
		{262C3038-000E-4936-87C4-CDA12FEF1AEF}.AppStore|Any CPU.Deploy.0 = Release|Any CPU
		{262C3038-000E-4936-87C4-CDA12FEF1AEF}.AppStore|ARM.ActiveCfg = Release|ARM
		{262C3038-000E-4936-87C4-CDA12FEF1AEF}.AppStore|ARM.Build.0 = Release|ARM
		{262C3038-000E-4936-87C4-CDA12FEF1AEF}.AppStore|ARM.Deploy.0 = Release|ARM
		{262C3038-000E-4936-87C4-CDA12FEF1AEF}.AppStore|iPhone.ActiveCfg = Release|Any CPU
		{262C3038-000E-4936-87C4-CDA12FEF1AEF}.AppStore|iPhone.Build.0 = Release|Any CPU
		{262C3038-000E-4936-87C4-CDA12FEF1AEF}.AppStore|iPhone.Deploy.0 = Release|Any CPU
		{262C3038-000E-4936-87C4-CDA12FEF1AEF}.AppStore|iPhoneSimulator.ActiveCfg = Release|Any CPU
		{262C3038-000E-4936-87C4-CDA12FEF1AEF}.AppStore|iPhoneSimulator.Build.0 = Release|Any CPU
		{262C3038-000E-4936-87C4-CDA12FEF1AEF}.AppStore|iPhoneSimulator.Deploy.0 = Release|Any CPU
		{262C3038-000E-4936-87C4-CDA12FEF1AEF}.AppStore|Mixed Platforms.ActiveCfg = Release|x86
		{262C3038-000E-4936-87C4-CDA12FEF1AEF}.AppStore|Mixed Platforms.Build.0 = Release|x86
		{262C3038-000E-4936-87C4-CDA12FEF1AEF}.AppStore|Mixed Platforms.Deploy.0 = Release|x86
		{262C3038-000E-4936-87C4-CDA12FEF1AEF}.AppStore|x86.ActiveCfg = Release|x86
		{262C3038-000E-4936-87C4-CDA12FEF1AEF}.AppStore|x86.Build.0 = Release|x86
		{262C3038-000E-4936-87C4-CDA12FEF1AEF}.AppStore|x86.Deploy.0 = Release|x86
		{262C3038-000E-4936-87C4-CDA12FEF1AEF}.Debug|Any CPU.ActiveCfg = Debug|Any CPU
		{262C3038-000E-4936-87C4-CDA12FEF1AEF}.Debug|Any CPU.Build.0 = Debug|Any CPU
		{262C3038-000E-4936-87C4-CDA12FEF1AEF}.Debug|Any CPU.Deploy.0 = Debug|Any CPU
		{262C3038-000E-4936-87C4-CDA12FEF1AEF}.Debug|ARM.ActiveCfg = Debug|ARM
		{262C3038-000E-4936-87C4-CDA12FEF1AEF}.Debug|ARM.Build.0 = Debug|ARM
		{262C3038-000E-4936-87C4-CDA12FEF1AEF}.Debug|ARM.Deploy.0 = Debug|ARM
		{262C3038-000E-4936-87C4-CDA12FEF1AEF}.Debug|iPhone.ActiveCfg = Debug|Any CPU
		{262C3038-000E-4936-87C4-CDA12FEF1AEF}.Debug|iPhone.Build.0 = Debug|Any CPU
		{262C3038-000E-4936-87C4-CDA12FEF1AEF}.Debug|iPhone.Deploy.0 = Debug|Any CPU
		{262C3038-000E-4936-87C4-CDA12FEF1AEF}.Debug|iPhoneSimulator.ActiveCfg = Debug|Any CPU
		{262C3038-000E-4936-87C4-CDA12FEF1AEF}.Debug|iPhoneSimulator.Build.0 = Debug|Any CPU
		{262C3038-000E-4936-87C4-CDA12FEF1AEF}.Debug|iPhoneSimulator.Deploy.0 = Debug|Any CPU
		{262C3038-000E-4936-87C4-CDA12FEF1AEF}.Debug|Mixed Platforms.ActiveCfg = Debug|x86
		{262C3038-000E-4936-87C4-CDA12FEF1AEF}.Debug|Mixed Platforms.Build.0 = Debug|x86
		{262C3038-000E-4936-87C4-CDA12FEF1AEF}.Debug|Mixed Platforms.Deploy.0 = Debug|x86
		{262C3038-000E-4936-87C4-CDA12FEF1AEF}.Debug|x86.ActiveCfg = Debug|x86
		{262C3038-000E-4936-87C4-CDA12FEF1AEF}.Debug|x86.Build.0 = Debug|x86
		{262C3038-000E-4936-87C4-CDA12FEF1AEF}.Debug|x86.Deploy.0 = Debug|x86
		{262C3038-000E-4936-87C4-CDA12FEF1AEF}.Release|Any CPU.ActiveCfg = Release|Any CPU
		{262C3038-000E-4936-87C4-CDA12FEF1AEF}.Release|Any CPU.Build.0 = Release|Any CPU
		{262C3038-000E-4936-87C4-CDA12FEF1AEF}.Release|Any CPU.Deploy.0 = Release|Any CPU
		{262C3038-000E-4936-87C4-CDA12FEF1AEF}.Release|ARM.ActiveCfg = Release|ARM
		{262C3038-000E-4936-87C4-CDA12FEF1AEF}.Release|ARM.Build.0 = Release|ARM
		{262C3038-000E-4936-87C4-CDA12FEF1AEF}.Release|ARM.Deploy.0 = Release|ARM
		{262C3038-000E-4936-87C4-CDA12FEF1AEF}.Release|iPhone.ActiveCfg = Release|Any CPU
		{262C3038-000E-4936-87C4-CDA12FEF1AEF}.Release|iPhone.Build.0 = Release|Any CPU
		{262C3038-000E-4936-87C4-CDA12FEF1AEF}.Release|iPhone.Deploy.0 = Release|Any CPU
		{262C3038-000E-4936-87C4-CDA12FEF1AEF}.Release|iPhoneSimulator.ActiveCfg = Release|Any CPU
		{262C3038-000E-4936-87C4-CDA12FEF1AEF}.Release|iPhoneSimulator.Build.0 = Release|Any CPU
		{262C3038-000E-4936-87C4-CDA12FEF1AEF}.Release|iPhoneSimulator.Deploy.0 = Release|Any CPU
		{262C3038-000E-4936-87C4-CDA12FEF1AEF}.Release|Mixed Platforms.ActiveCfg = Release|x86
		{262C3038-000E-4936-87C4-CDA12FEF1AEF}.Release|Mixed Platforms.Build.0 = Release|x86
		{262C3038-000E-4936-87C4-CDA12FEF1AEF}.Release|Mixed Platforms.Deploy.0 = Release|x86
		{262C3038-000E-4936-87C4-CDA12FEF1AEF}.Release|x86.ActiveCfg = Release|x86
		{262C3038-000E-4936-87C4-CDA12FEF1AEF}.Release|x86.Build.0 = Release|x86
		{262C3038-000E-4936-87C4-CDA12FEF1AEF}.Release|x86.Deploy.0 = Release|x86
	EndGlobalSection
	GlobalSection(SolutionProperties) = preSolution
		HideSolutionNode = FALSE
	EndGlobalSection
EndGlobal
